PODS:
  - Ads-CN-Beta (4.4.0.6):
    - Ads-CN-Beta/BUAdSDK (= 4.4.0.6)
  - Ads-CN-Beta/BUAdSDK (4.4.0.6):
    - Ads-CN-Beta/BUFoundation
    - Ads-CN-Beta/Domestic
  - Ads-CN-Beta/BUFoundation (4.4.0.6):
    - BURelyFoundation (= 0.0.1.53)
  - Ads-CN-Beta/Domestic (4.4.0.6):
    - Ads-CN-Beta/BUFoundation
  - BDNovelOpenSDK (3.6.2):
    - FMDB/standard
    - MMKV
    - OneKit/ByteDanceKit
    - RangersAPM/Core (~> 2.4.1)
    - RangersAPM/Crash (~> 2.4.1)
    - RangersAPM/HMD (~> 2.4.1)
    - RangersAPM/Public (~> 2.4.1)
    - RangersAppLog/Core (~> 6.3.2)
    - RangersAppLog/Host/CN (~> 6.3.2)
    - YYCache
    - YYText
  - BURelyFoundation (0.0.1.53):
    - BURelyFoundation/HM (= 0.0.1.53)
    - BURelyFoundation/NETWork (= 0.0.1.53)
  - BURelyFoundation/HM (0.0.1.53)
  - BURelyFoundation/NETWork (0.0.1.53)
  - Flutter (1.0.0)
  - flutter_pangrowth (0.0.1):
    - Flutter
    - MJExtension (~> 3.4.0)
    - Pangrowth/media (~> 2.4.0.0)
    - Pangrowth/novel (~> 2.4.0.0)
  - flutter_unionad (0.0.1):
    - Ads-CN-Beta (~> 4.4.0.0)
    - Flutter
  - FMDB/standard (2.7.5)
  - MJExtension (3.4.1)
  - MMKV (1.2.13):
    - MMKVCore (~> 1.2.13)
  - MMKVCore (1.2.13)
  - OneKit/BaseKit (1.3.5)
  - OneKit/ByteDanceKit (1.3.5):
    - OneKit/ByteDanceKit/Foundation (= 1.3.5)
    - OneKit/ByteDanceKit/UIKit (= 1.3.5)
  - OneKit/ByteDanceKit/Foundation (1.3.5)
  - OneKit/ByteDanceKit/UIKit (1.3.5):
    - OneKit/ByteDanceKit/Foundation
  - OneKit/Database (1.3.5):
    - OneKit/Service
  - OneKit/Reachability (1.3.5):
    - OneKit/Service
  - OneKit/Service (1.3.5)
  - OneKit/StartUp (1.3.5):
    - OneKit/BaseKit
    - OneKit/Reachability
    - OneKit/Service
  - Pangrowth/media (2.4.0.1):
    - PangrowthMedia (= 3.5.0.1)
    - RangersAPM/CN (= 2.4.1)
    - RangersAPM/Core (= 2.4.1)
    - RangersAPM/Crash (= 2.4.1)
    - RangersAPM/EventMonitor (= 2.4.1)
    - RangersAPM/HMD (= 2.4.1)
    - RangersAPM/Public (= 2.4.1)
    - RangersAppLog/Core (= 6.3.2)
    - RangersAppLog/Host/CN (= 6.3.2)
  - Pangrowth/novel (2.4.0.1):
    - BDNovelOpenSDK (= 3.6.2)
    - RangersAPM/CN (= 2.4.1)
    - RangersAPM/Core (= 2.4.1)
    - RangersAPM/Crash (= 2.4.1)
    - RangersAPM/EventMonitor (= 2.4.1)
    - RangersAPM/HMD (= 2.4.1)
    - RangersAPM/Public (= 2.4.1)
    - RangersAppLog/Core (= 6.3.2)
    - RangersAppLog/Host/CN (= 6.3.2)
  - PangrowthMedia (3.5.0.1):
    - RangersAPM/CN (>= 2.4.1)
    - RangersAPM/Core (>= 2.4.1)
    - RangersAPM/Crash (>= 2.4.1)
    - RangersAPM/EventMonitor (>= 2.4.1)
    - RangersAPM/HMD (>= 2.4.1)
    - RangersAPM/Public (>= 2.4.1)
    - RangersAppLog/Core (~> 6.3.2)
    - RangersAppLog/Host/CN (~> 6.3.2)
    - RangersAppLog/Log (~> 6.3.2)
  - RangersAPM/CN (2.4.1):
    - RangersAPM/Core
    - RangersAPM/Public
  - RangersAPM/Core (2.4.1):
    - OneKit/BaseKit (>= 1.1.19)
  - RangersAPM/Crash (2.4.1):
    - RangersAPM/Core
    - RangersAPM/HMD
    - RangersAPM/Public
  - RangersAPM/EventMonitor (2.4.1):
    - RangersAPM/Core
    - RangersAPM/HMD
    - RangersAPM/Public
  - RangersAPM/HMD (2.4.1):
    - OneKit/Database (>= 1.1.19)
    - RangersAPM/Core
  - RangersAPM/Public (2.4.1):
    - RangersAPM/Core
  - RangersAppLog/Core (6.3.2):
    - OneKit/BaseKit
    - OneKit/StartUp
  - RangersAppLog/Host/CN (6.3.2):
    - RangersAppLog/Core
  - RangersAppLog/Log (6.3.2):
    - RangersAppLog/Core
  - YYCache (1.0.4)
  - YYText (1.0.7)

DEPENDENCIES:
  - Flutter (from `Flutter`)
  - flutter_pangrowth (from `.symlinks/plugins/flutter_pangrowth/ios`)
  - flutter_unionad (from `.symlinks/plugins/flutter_unionad/ios`)

SPEC REPOS:
  https://github.com/CocoaPods/Specs.git:
    - Ads-CN-Beta
    - BURelyFoundation
    - FMDB
    - MJExtension
    - MMKV
    - MMKVCore
    - YYCache
    - YYText
  https://github.com/volcengine/volcengine-specs.git:
    - BDNovelOpenSDK
    - OneKit
    - Pangrowth
    - PangrowthMedia
    - RangersAPM
    - RangersAppLog

EXTERNAL SOURCES:
  Flutter:
    :path: Flutter
  flutter_pangrowth:
    :path: ".symlinks/plugins/flutter_pangrowth/ios"
  flutter_unionad:
    :path: ".symlinks/plugins/flutter_unionad/ios"

SPEC CHECKSUMS:
  Ads-CN-Beta: 8c80fc2aa05f603579d0f5b1e4fc2afa2fba4112
  BDNovelOpenSDK: 5c66aa2032d4a5483a72fe54ff2d7ac343dff78a
  BURelyFoundation: 7734bcadb9dc458b2fa341b3126dfd9049a1542e
  Flutter: 50d75fe2f02b26cc09d224853bb45737f8b3214a
  flutter_pangrowth: 68032c02488ff9bdb8419fb83922ab4922f0f702
  flutter_unionad: f0c288ddd53a672d1cea5ce4c543473f5eb38e46
  FMDB: 2ce00b547f966261cd18927a3ddb07cb6f3db82a
  MJExtension: 21c5f6f8c4d5d8844b7ae8fbae08fed0b501f961
  MMKV: aac95d817a100479445633f2b3ed8961b4ac5043
  MMKVCore: 3388952ded307e41b3ed8a05892736a236ed1b8e
  OneKit: b3110170ece5fc3ecda63546ceee9fc576eb4d3c
  Pangrowth: 155d2a50a0109f2605232bd5b142b0e3892b62af
  PangrowthMedia: f350be5f54f292bb8581aee8527ab48211e1bd20
  RangersAPM: fbcba8c380e5513f46486ed9f94f57feb6840a37
  RangersAppLog: d2eca818b509a6b6d1bc28b95266baf6b0fe4cb2
  YYCache: 8105b6638f5e849296c71f331ff83891a4942952
  YYText: 5c461d709e24d55a182d1441c41dc639a18a4849

PODFILE CHECKSUM: 783839999ae08e6bfa9279ca191756e76367be0c

COCOAPODS: 1.11.2
