PODS:
  - Ads-CN-Beta (4.7.0.5):
    - Ads-CN-Beta/BUAdSDK (= 4.7.0.5)
  - Ads-CN-Beta/BUAdSDK (4.7.0.5):
    - Ads-CN-Beta/Dep_Accurate
  - Ads-CN-Beta/Dep_Accurate (4.7.0.5):
    - BUAdSDK (= 0.1.0.24)
    - BURelyFoundation/CSJ (= 0.0.3.1)
  - BDNovelOpenSDK (3.6.2):
    - FMDB/standard
    - MMKV
    - OneKit/ByteDanceKit
    - RangersAPM/Core (~> 2.4.1)
    - RangersAPM/Crash (~> 2.4.1)
    - RangersAPM/HMD (~> 2.4.1)
    - RangersAPM/Public (~> 2.4.1)
    - RangersAppLog/Core (~> 6.3.2)
    - RangersAppLog/Host/CN (~> 6.3.2)
    - YYCache
    - YYText
  - BUAdSDK (0.1.0.24):
    - BUAdSDK/BUAdSDK (= 0.1.0.24)
  - BUAdSDK/BUAdSDK (0.1.0.24)
  - BURelyFoundation/AFNetworking (0.0.3.1)
  - BURelyFoundation/BURelyFoundation (0.0.3.1)
  - BURelyFoundation/CSJ (0.0.3.1):
    - BURelyFoundation/AFNetworking
    - BURelyFoundation/BURelyFoundation
    - BURelyFoundation/Foundation
    - BURelyFoundation/Gecko
    - BURelyFoundation/HM
    - BURelyFoundation/NETWork
    - BURelyFoundation/SDWebImage
    - BURelyFoundation/YYModel
    - BURelyFoundation/ZFPlayer
    - BURelyFoundation/Zip
  - BURelyFoundation/Foundation (0.0.3.1):
    - BURelyFoundation/NETWork
  - BURelyFoundation/Gecko (0.0.3.1):
    - BURelyFoundation/Foundation
  - BURelyFoundation/HM (0.0.3.1)
  - BURelyFoundation/NETWork (0.0.3.1):
    - BURelyFoundation/AFNetworking
  - BURelyFoundation/SDWebImage (0.0.3.1):
    - BURelyFoundation/Foundation
  - BURelyFoundation/YYModel (0.0.3.1)
  - BURelyFoundation/ZFPlayer (0.0.3.1):
    - BURelyFoundation/Foundation
    - BURelyFoundation/Zip
  - BURelyFoundation/Zip (0.0.3.1):
    - BURelyFoundation/Foundation
  - Flutter (1.0.0)
  - flutter_pangrowth (0.0.1):
    - Flutter
    - MJExtension (~> 3.4.0)
    - Pangrowth/media (~> 2.7.0.0)
    - Pangrowth/novel (~> 2.7.0.0)
  - flutter_unionad (0.0.1):
    - Ads-CN-Beta (~> 4.7.0.5)
    - Flutter
  - FMDB/standard (2.7.5)
  - MJExtension (3.4.1)
  - MMKV (1.2.14):
    - MMKVCore (~> 1.2.14)
  - MMKVCore (1.2.14)
  - OneKit/BaseKit (1.3.13)
  - OneKit/ByteDanceKit (1.3.13):
    - OneKit/ByteDanceKit/Foundation (= 1.3.13)
    - OneKit/ByteDanceKit/UIKit (= 1.3.13)
    - OneKit/Service
  - OneKit/ByteDanceKit/Foundation (1.3.13):
    - OneKit/Service
  - OneKit/ByteDanceKit/UIKit (1.3.13):
    - OneKit/ByteDanceKit/Foundation
    - OneKit/Service
  - OneKit/Database (1.3.13):
    - OneKit/Service
  - OneKit/Reachability (1.3.13):
    - OneKit/Service
  - OneKit/Section (1.3.13)
  - OneKit/Service (1.3.13)
  - OneKit/StartUp (1.3.13):
    - OneKit/Reachability
    - OneKit/Section
    - OneKit/Service
  - Pangrowth/media (2.7.0.1):
    - PangrowthMedia (= 3.8.0.1)
    - RangersAPM/CN (= 2.4.1)
    - RangersAPM/Core (= 2.4.1)
    - RangersAPM/Crash (= 2.4.1)
    - RangersAPM/EventMonitor (= 2.4.1)
    - RangersAPM/HMD (= 2.4.1)
    - RangersAPM/Public (= 2.4.1)
    - RangersAppLog/Core (= 6.3.2)
    - RangersAppLog/Host/CN (= 6.3.2)
  - Pangrowth/novel (2.7.0.1):
    - BDNovelOpenSDK (= 3.6.2)
    - RangersAPM/CN (= 2.4.1)
    - RangersAPM/Core (= 2.4.1)
    - RangersAPM/Crash (= 2.4.1)
    - RangersAPM/EventMonitor (= 2.4.1)
    - RangersAPM/HMD (= 2.4.1)
    - RangersAPM/Public (= 2.4.1)
    - RangersAppLog/Core (= 6.3.2)
    - RangersAppLog/Host/CN (= 6.3.2)
  - PangrowthMedia (3.8.0.1):
    - RangersAPM/CN (>= 2.4.1)
    - RangersAPM/Core (>= 2.4.1)
    - RangersAPM/Crash (>= 2.4.1)
    - RangersAPM/EventMonitor (>= 2.4.1)
    - RangersAPM/HMD (>= 2.4.1)
    - RangersAPM/Public (>= 2.4.1)
    - RangersAppLog/Core (~> 6.3.2)
    - RangersAppLog/Host/CN (~> 6.3.2)
    - RangersAppLog/Log (~> 6.3.2)
  - RangersAPM/CN (2.4.1):
    - RangersAPM/Core
    - RangersAPM/Public
  - RangersAPM/Core (2.4.1):
    - OneKit/BaseKit (>= 1.1.19)
  - RangersAPM/Crash (2.4.1):
    - RangersAPM/Core
    - RangersAPM/HMD
    - RangersAPM/Public
  - RangersAPM/EventMonitor (2.4.1):
    - RangersAPM/Core
    - RangersAPM/HMD
    - RangersAPM/Public
  - RangersAPM/HMD (2.4.1):
    - OneKit/Database (>= 1.1.19)
    - RangersAPM/Core
  - RangersAPM/Public (2.4.1):
    - RangersAPM/Core
  - RangersAppLog/Core (6.3.2):
    - OneKit/BaseKit
    - OneKit/StartUp
  - RangersAppLog/Host/CN (6.3.2):
    - RangersAppLog/Core
  - RangersAppLog/Log (6.3.2):
    - RangersAppLog/Core
  - YYCache (1.0.4)
  - YYText (1.0.7)

DEPENDENCIES:
  - Flutter (from `Flutter`)
  - flutter_pangrowth (from `.symlinks/plugins/flutter_pangrowth/ios`)
  - flutter_unionad (from `.symlinks/plugins/flutter_unionad/ios`)

SPEC REPOS:
  https://github.com/CocoaPods/Specs.git:
    - Ads-CN-Beta
    - BUAdSDK
    - BURelyFoundation
    - FMDB
    - MJExtension
    - MMKV
    - MMKVCore
    - YYCache
    - YYText
  https://github.com/volcengine/volcengine-specs.git:
    - BDNovelOpenSDK
    - OneKit
    - Pangrowth
    - PangrowthMedia
    - RangersAPM
    - RangersAppLog

EXTERNAL SOURCES:
  Flutter:
    :path: Flutter
  flutter_pangrowth:
    :path: ".symlinks/plugins/flutter_pangrowth/ios"
  flutter_unionad:
    :path: ".symlinks/plugins/flutter_unionad/ios"

SPEC CHECKSUMS:
  Ads-CN-Beta: 50a5e1687bdfd1e3bcfddf4442c0a9312d48554c
  BDNovelOpenSDK: 5c66aa2032d4a5483a72fe54ff2d7ac343dff78a
  BUAdSDK: 5528f72f7b9b478a12743ea23af7bdb9746efc00
  BURelyFoundation: 973dfa13f7c4c0ebc4c3c6c8289e91b139e31a24
  Flutter: 50d75fe2f02b26cc09d224853bb45737f8b3214a
  flutter_pangrowth: 64599bad260db1c4a4958ee79f2e60f34f334506
  flutter_unionad: 1fd54f3a7743baf2883063f570025970316d0cd0
  FMDB: 2ce00b547f966261cd18927a3ddb07cb6f3db82a
  MJExtension: 21c5f6f8c4d5d8844b7ae8fbae08fed0b501f961
  MMKV: 9c4663aa7ca255d478ff10f2f5cb7d17c1651ccd
  MMKVCore: 89f5c8a66bba2dcd551779dea4d412eeec8ff5bb
  OneKit: 4e095042b50cf450aaa84c19e9d36704955d2312
  Pangrowth: 2a7ee6df5406b78845a00fa187626459522880ee
  PangrowthMedia: b3c8b56094a72ca87ca7f7ad2734d5824940ca38
  RangersAPM: fbcba8c380e5513f46486ed9f94f57feb6840a37
  RangersAppLog: d2eca818b509a6b6d1bc28b95266baf6b0fe4cb2
  YYCache: 8105b6638f5e849296c71f331ff83891a4942952
  YYText: 5c461d709e24d55a182d1441c41dc639a18a4849

PODFILE CHECKSUM: 783839999ae08e6bfa9279ca191756e76367be0c

COCOAPODS: 1.11.3
